// !$*UTF8*$!
{
	archiveVersion = 1;
	classes = {
	};
	objectVersion = 50;
	objects = {

/* Begin PBXBuildFile section */
		16A162A5243C4A1E00D8D931 /* NewTaskViewController.swift in Sources */ = {isa = PBXBuildFile; fileRef = 16A162A4243C4A1E00D8D931 /* NewTaskViewController.swift */; };
		16A162AA243C4B5300D8D931 /* ShopViewController.swift in Sources */ = {isa = PBXBuildFile; fileRef = 16A162A9243C4B5300D8D931 /* ShopViewController.swift */; };
		16A162AF243C4D5700D8D931 /* DashboardViewController.swift in Sources */ = {isa = PBXBuildFile; fileRef = 16A162AE243C4D5700D8D931 /* DashboardViewController.swift */; };
		16A162B1243C4F9300D8D931 /* Dashboard.storyboard in Resources */ = {isa = PBXBuildFile; fileRef = 16A162B0243C4F9300D8D931 /* Dashboard.storyboard */; };
		16A162B3243C5F5D00D8D931 /* Tasks.storyboard in Resources */ = {isa = PBXBuildFile; fileRef = 16A162B2243C5F5D00D8D931 /* Tasks.storyboard */; };
		16A162B5243C5FA600D8D931 /* Shop.storyboard in Resources */ = {isa = PBXBuildFile; fileRef = 16A162B4243C5FA600D8D931 /* Shop.storyboard */; };
		16A162B7243C5FF000D8D931 /* NewTask.storyboard in Resources */ = {isa = PBXBuildFile; fileRef = 16A162B6243C5FF000D8D931 /* NewTask.storyboard */; };
		16A162B9243C606200D8D931 /* TasksViewController.swift in Sources */ = {isa = PBXBuildFile; fileRef = 16A162B8243C606200D8D931 /* TasksViewController.swift */; };
		37FA60C22438AF6D00EA639E /* AppDelegate.swift in Sources */ = {isa = PBXBuildFile; fileRef = 37FA60C12438AF6D00EA639E /* AppDelegate.swift */; };
		37FA60C42438AF6D00EA639E /* SceneDelegate.swift in Sources */ = {isa = PBXBuildFile; fileRef = 37FA60C32438AF6D00EA639E /* SceneDelegate.swift */; };
		37FA60C62438AF6D00EA639E /* SelectAvatarViewController.swift in Sources */ = {isa = PBXBuildFile; fileRef = 37FA60C52438AF6D00EA639E /* SelectAvatarViewController.swift */; };
		37FA60C92438AF6D00EA639E /* Main.storyboard in Resources */ = {isa = PBXBuildFile; fileRef = 37FA60C72438AF6D00EA639E /* Main.storyboard */; };
		37FA60CC2438AF6D00EA639E /* Task_Management.xcdatamodeld in Sources */ = {isa = PBXBuildFile; fileRef = 37FA60CA2438AF6D00EA639E /* Task_Management.xcdatamodeld */; };
		37FA60CE2438AF6E00EA639E /* Assets.xcassets in Resources */ = {isa = PBXBuildFile; fileRef = 37FA60CD2438AF6E00EA639E /* Assets.xcassets */; };
		37FA60D12438AF6E00EA639E /* LaunchScreen.storyboard in Resources */ = {isa = PBXBuildFile; fileRef = 37FA60CF2438AF6E00EA639E /* LaunchScreen.storyboard */; };
		A85C71BA243EE26C00AEF230 /* CollectionViewCell.swift in Sources */ = {isa = PBXBuildFile; fileRef = A85C71B9243EE26C00AEF230 /* CollectionViewCell.swift */; };
/* End PBXBuildFile section */

/* Begin PBXFileReference section */
		16A162A4243C4A1E00D8D931 /* NewTaskViewController.swift */ = {isa = PBXFileReference; lastKnownFileType = sourcecode.swift; path = NewTaskViewController.swift; sourceTree = "<group>"; };
		16A162A9243C4B5300D8D931 /* ShopViewController.swift */ = {isa = PBXFileReference; lastKnownFileType = sourcecode.swift; path = ShopViewController.swift; sourceTree = "<group>"; };
		16A162AE243C4D5700D8D931 /* DashboardViewController.swift */ = {isa = PBXFileReference; lastKnownFileType = sourcecode.swift; path = DashboardViewController.swift; sourceTree = "<group>"; };
		16A162B0243C4F9300D8D931 /* Dashboard.storyboard */ = {isa = PBXFileReference; fileEncoding = 4; lastKnownFileType = file.storyboard; path = Dashboard.storyboard; sourceTree = "<group>"; };
		16A162B2243C5F5D00D8D931 /* Tasks.storyboard */ = {isa = PBXFileReference; fileEncoding = 4; lastKnownFileType = file.storyboard; path = Tasks.storyboard; sourceTree = "<group>"; };
		16A162B4243C5FA600D8D931 /* Shop.storyboard */ = {isa = PBXFileReference; fileEncoding = 4; lastKnownFileType = file.storyboard; name = Shop.storyboard; path = "Task Management/Dashboard/View/Shop.storyboard"; sourceTree = SOURCE_ROOT; };
		16A162B6243C5FF000D8D931 /* NewTask.storyboard */ = {isa = PBXFileReference; fileEncoding = 4; lastKnownFileType = file.storyboard; path = NewTask.storyboard; sourceTree = "<group>"; };
		16A162B8243C606200D8D931 /* TasksViewController.swift */ = {isa = PBXFileReference; lastKnownFileType = sourcecode.swift; path = TasksViewController.swift; sourceTree = "<group>"; };
		37FA60BE2438AF6D00EA639E /* Task Management.app */ = {isa = PBXFileReference; explicitFileType = wrapper.application; includeInIndex = 0; path = "Task Management.app"; sourceTree = BUILT_PRODUCTS_DIR; };
		37FA60C12438AF6D00EA639E /* AppDelegate.swift */ = {isa = PBXFileReference; lastKnownFileType = sourcecode.swift; path = AppDelegate.swift; sourceTree = "<group>"; };
		37FA60C32438AF6D00EA639E /* SceneDelegate.swift */ = {isa = PBXFileReference; lastKnownFileType = sourcecode.swift; path = SceneDelegate.swift; sourceTree = "<group>"; };
		37FA60C52438AF6D00EA639E /* SelectAvatarViewController.swift */ = {isa = PBXFileReference; lastKnownFileType = sourcecode.swift; path = SelectAvatarViewController.swift; sourceTree = "<group>"; };
		37FA60C82438AF6D00EA639E /* Base */ = {isa = PBXFileReference; lastKnownFileType = file.storyboard; name = Base; path = Base.lproj/Main.storyboard; sourceTree = "<group>"; };
		37FA60CB2438AF6D00EA639E /* Task_Management.xcdatamodel */ = {isa = PBXFileReference; lastKnownFileType = wrapper.xcdatamodel; path = Task_Management.xcdatamodel; sourceTree = "<group>"; };
		37FA60CD2438AF6E00EA639E /* Assets.xcassets */ = {isa = PBXFileReference; lastKnownFileType = folder.assetcatalog; path = Assets.xcassets; sourceTree = "<group>"; };
		37FA60D02438AF6E00EA639E /* Base */ = {isa = PBXFileReference; lastKnownFileType = file.storyboard; name = Base; path = Base.lproj/LaunchScreen.storyboard; sourceTree = "<group>"; };
		37FA60D22438AF6E00EA639E /* Info.plist */ = {isa = PBXFileReference; lastKnownFileType = text.plist.xml; path = Info.plist; sourceTree = "<group>"; };
		A85C71B9243EE26C00AEF230 /* CollectionViewCell.swift */ = {isa = PBXFileReference; lastKnownFileType = sourcecode.swift; path = CollectionViewCell.swift; sourceTree = "<group>"; };
/* End PBXFileReference section */

/* Begin PBXFrameworksBuildPhase section */
		37FA60BB2438AF6D00EA639E /* Frameworks */ = {
			isa = PBXFrameworksBuildPhase;
			buildActionMask = 2147483647;
			files = (
			);
			runOnlyForDeploymentPostprocessing = 0;
		};
/* End PBXFrameworksBuildPhase section */

/* Begin PBXGroup section */
		16A16297243C490D00D8D931 /* Dashboard */ = {
			isa = PBXGroup;
			children = (
				16A162AB243C4B6B00D8D931 /* Model */,
				16A162AC243C4B7100D8D931 /* View */,
				16A162AD243C4C4E00D8D931 /* Controller */,
			);
			path = Dashboard;
			sourceTree = "<group>";
		};
		16A16298243C491900D8D931 /* Select Avatar */ = {
			isa = PBXGroup;
			children = (
				16A1629D243C499A00D8D931 /* Model */,
				16A1629C243C496F00D8D931 /* View */,
				37FA60DB2438B03000EA639E /* Controller */,
			);
			path = "Select Avatar";
			sourceTree = "<group>";
		};
		16A16299243C492E00D8D931 /* Tasks */ = {
			isa = PBXGroup;
			children = (
				16A1629E243C49A400D8D931 /* Model */,
				16A1629F243C49A800D8D931 /* View */,
				16A162A0243C49AC00D8D931 /* Controller */,
			);
			path = Tasks;
			sourceTree = "<group>";
		};
		16A1629A243C493900D8D931 /* New Task */ = {
			isa = PBXGroup;
			children = (
				16A162A1243C49BF00D8D931 /* Model */,
				16A162A2243C49C300D8D931 /* View */,
				16A162A3243C49C700D8D931 /* Controller */,
			);
			path = "New Task";
			sourceTree = "<group>";
		};
		16A1629B243C493F00D8D931 /* Shop */ = {
			isa = PBXGroup;
			children = (
				A85C71B8243EE1CB00AEF230 /* Cell */,
				16A162A7243C4A3600D8D931 /* Model */,
				16A162A8243C4A3C00D8D931 /* View */,
				16A162A6243C4A2E00D8D931 /* Controller */,
			);
			path = Shop;
			sourceTree = "<group>";
		};
		16A1629C243C496F00D8D931 /* View */ = {
			isa = PBXGroup;
			children = (
				37FA60C72438AF6D00EA639E /* Main.storyboard */,
			);
			path = View;
			sourceTree = "<group>";
		};
		16A1629D243C499A00D8D931 /* Model */ = {
			isa = PBXGroup;
			children = (
			);
			path = Model;
			sourceTree = "<group>";
		};
		16A1629E243C49A400D8D931 /* Model */ = {
			isa = PBXGroup;
			children = (
			);
			path = Model;
			sourceTree = "<group>";
		};
		16A1629F243C49A800D8D931 /* View */ = {
			isa = PBXGroup;
			children = (
				16A162B2243C5F5D00D8D931 /* Tasks.storyboard */,
			);
			path = View;
			sourceTree = "<group>";
		};
		16A162A0243C49AC00D8D931 /* Controller */ = {
			isa = PBXGroup;
			children = (
				16A162B8243C606200D8D931 /* TasksViewController.swift */,
			);
			path = Controller;
			sourceTree = "<group>";
		};
		16A162A1243C49BF00D8D931 /* Model */ = {
			isa = PBXGroup;
			children = (
			);
			path = Model;
			sourceTree = "<group>";
		};
		16A162A2243C49C300D8D931 /* View */ = {
			isa = PBXGroup;
			children = (
				16A162B6243C5FF000D8D931 /* NewTask.storyboard */,
			);
			path = View;
			sourceTree = "<group>";
		};
		16A162A3243C49C700D8D931 /* Controller */ = {
			isa = PBXGroup;
			children = (
				16A162A4243C4A1E00D8D931 /* NewTaskViewController.swift */,
			);
			path = Controller;
			sourceTree = "<group>";
		};
		16A162A6243C4A2E00D8D931 /* Controller */ = {
			isa = PBXGroup;
			children = (
				16A162A9243C4B5300D8D931 /* ShopViewController.swift */,
			);
			path = Controller;
			sourceTree = "<group>";
		};
		16A162A7243C4A3600D8D931 /* Model */ = {
			isa = PBXGroup;
			children = (
			);
			path = Model;
			sourceTree = "<group>";
		};
		16A162A8243C4A3C00D8D931 /* View */ = {
			isa = PBXGroup;
			children = (
				16A162B4243C5FA600D8D931 /* Shop.storyboard */,
			);
			path = View;
			sourceTree = "<group>";
		};
		16A162AB243C4B6B00D8D931 /* Model */ = {
			isa = PBXGroup;
			children = (
			);
			path = Model;
			sourceTree = "<group>";
		};
		16A162AC243C4B7100D8D931 /* View */ = {
			isa = PBXGroup;
			children = (
				16A162B0243C4F9300D8D931 /* Dashboard.storyboard */,
			);
			path = View;
			sourceTree = "<group>";
		};
		16A162AD243C4C4E00D8D931 /* Controller */ = {
			isa = PBXGroup;
			children = (
				16A162AE243C4D5700D8D931 /* DashboardViewController.swift */,
			);
			path = Controller;
			sourceTree = "<group>";
		};
		37FA60B52438AF6D00EA639E = {
			isa = PBXGroup;
			children = (
				37FA60C02438AF6D00EA639E /* Task Management */,
				37FA60BF2438AF6D00EA639E /* Products */,
			);
			sourceTree = "<group>";
		};
		37FA60BF2438AF6D00EA639E /* Products */ = {
			isa = PBXGroup;
			children = (
				37FA60BE2438AF6D00EA639E /* Task Management.app */,
			);
			name = Products;
			sourceTree = "<group>";
		};
		37FA60C02438AF6D00EA639E /* Task Management */ = {
			isa = PBXGroup;
			children = (
				16A1629B243C493F00D8D931 /* Shop */,
				16A1629A243C493900D8D931 /* New Task */,
				16A16299243C492E00D8D931 /* Tasks */,
				16A16298243C491900D8D931 /* Select Avatar */,
				16A16297243C490D00D8D931 /* Dashboard */,
				37FA60DD2438B04200EA639E /* Resources */,
				37FA60C12438AF6D00EA639E /* AppDelegate.swift */,
				37FA60C32438AF6D00EA639E /* SceneDelegate.swift */,
				37FA60CF2438AF6E00EA639E /* LaunchScreen.storyboard */,
				37FA60D22438AF6E00EA639E /* Info.plist */,
				37FA60CA2438AF6D00EA639E /* Task_Management.xcdatamodeld */,
			);
			path = "Task Management";
			sourceTree = "<group>";
		};
		37FA60DB2438B03000EA639E /* Controller */ = {
			isa = PBXGroup;
			children = (
				37FA60C52438AF6D00EA639E /* SelectAvatarViewController.swift */,
			);
			path = Controller;
			sourceTree = "<group>";
		};
		37FA60DD2438B04200EA639E /* Resources */ = {
			isa = PBXGroup;
			children = (
				37FA60CD2438AF6E00EA639E /* Assets.xcassets */,
			);
			path = Resources;
			sourceTree = "<group>";
		};
		A85C71B8243EE1CB00AEF230 /* Cell */ = {
			isa = PBXGroup;
			children = (
				A85C71B9243EE26C00AEF230 /* CollectionViewCell.swift */,
			);
			path = Cell;
			sourceTree = "<group>";
		};
/* End PBXGroup section */

/* Begin PBXNativeTarget section */
		37FA60BD2438AF6D00EA639E /* Task Management */ = {
			isa = PBXNativeTarget;
			buildConfigurationList = 37FA60D52438AF6E00EA639E /* Build configuration list for PBXNativeTarget "Task Management" */;
			buildPhases = (
				37FA60BA2438AF6D00EA639E /* Sources */,
				37FA60BB2438AF6D00EA639E /* Frameworks */,
				37FA60BC2438AF6D00EA639E /* Resources */,
			);
			buildRules = (
			);
			dependencies = (
			);
			name = "Task Management";
			productName = "Task Management";
			productReference = 37FA60BE2438AF6D00EA639E /* Task Management.app */;
			productType = "com.apple.product-type.application";
		};
/* End PBXNativeTarget section */

/* Begin PBXProject section */
		37FA60B62438AF6D00EA639E /* Project object */ = {
			isa = PBXProject;
			attributes = {
				LastSwiftUpdateCheck = 1130;
				LastUpgradeCheck = 1130;
				ORGANIZATIONNAME = "Bimo Sekti Wicaksono";
				TargetAttributes = {
					37FA60BD2438AF6D00EA639E = {
						CreatedOnToolsVersion = 11.3.1;
					};
				};
			};
			buildConfigurationList = 37FA60B92438AF6D00EA639E /* Build configuration list for PBXProject "Task Management" */;
			compatibilityVersion = "Xcode 9.3";
			developmentRegion = en;
			hasScannedForEncodings = 0;
			knownRegions = (
				en,
				Base,
			);
			mainGroup = 37FA60B52438AF6D00EA639E;
			productRefGroup = 37FA60BF2438AF6D00EA639E /* Products */;
			projectDirPath = "";
			projectRoot = "";
			targets = (
				37FA60BD2438AF6D00EA639E /* Task Management */,
			);
		};
/* End PBXProject section */

/* Begin PBXResourcesBuildPhase section */
		37FA60BC2438AF6D00EA639E /* Resources */ = {
			isa = PBXResourcesBuildPhase;
			buildActionMask = 2147483647;
			files = (
				16A162B5243C5FA600D8D931 /* Shop.storyboard in Resources */,
				37FA60D12438AF6E00EA639E /* LaunchScreen.storyboard in Resources */,
				37FA60CE2438AF6E00EA639E /* Assets.xcassets in Resources */,
				37FA60C92438AF6D00EA639E /* Main.storyboard in Resources */,
				16A162B1243C4F9300D8D931 /* Dashboard.storyboard in Resources */,
				16A162B7243C5FF000D8D931 /* NewTask.storyboard in Resources */,
				16A162B3243C5F5D00D8D931 /* Tasks.storyboard in Resources */,
			);
			runOnlyForDeploymentPostprocessing = 0;
		};
/* End PBXResourcesBuildPhase section */

/* Begin PBXSourcesBuildPhase section */
		37FA60BA2438AF6D00EA639E /* Sources */ = {
			isa = PBXSourcesBuildPhase;
			buildActionMask = 2147483647;
			files = (
				37FA60C62438AF6D00EA639E /* SelectAvatarViewController.swift in Sources */,
				16A162B9243C606200D8D931 /* TasksViewController.swift in Sources */,
				A85C71BA243EE26C00AEF230 /* CollectionViewCell.swift in Sources */,
				16A162AF243C4D5700D8D931 /* DashboardViewController.swift in Sources */,
				16A162A5243C4A1E00D8D931 /* NewTaskViewController.swift in Sources */,
				16A162AA243C4B5300D8D931 /* ShopViewController.swift in Sources */,
				37FA60C22438AF6D00EA639E /* AppDelegate.swift in Sources */,
				37FA60C42438AF6D00EA639E /* SceneDelegate.swift in Sources */,
				37FA60CC2438AF6D00EA639E /* Task_Management.xcdatamodeld in Sources */,
			);
			runOnlyForDeploymentPostprocessing = 0;
		};
/* End PBXSourcesBuildPhase section */

/* Begin PBXVariantGroup section */
		37FA60C72438AF6D00EA639E /* Main.storyboard */ = {
			isa = PBXVariantGroup;
			children = (
				37FA60C82438AF6D00EA639E /* Base */,
			);
			name = Main.storyboard;
			sourceTree = "<group>";
		};
		37FA60CF2438AF6E00EA639E /* LaunchScreen.storyboard */ = {
			isa = PBXVariantGroup;
			children = (
				37FA60D02438AF6E00EA639E /* Base */,
			);
			name = LaunchScreen.storyboard;
			sourceTree = "<group>";
		};
/* End PBXVariantGroup section */

/* Begin XCBuildConfiguration section */
		37FA60D32438AF6E00EA639E /* Debug */ = {
			isa = XCBuildConfiguration;
			buildSettings = {
				ALWAYS_SEARCH_USER_PATHS = NO;
				CLANG_ANALYZER_NONNULL = YES;
				CLANG_ANALYZER_NUMBER_OBJECT_CONVERSION = YES_AGGRESSIVE;
				CLANG_CXX_LANGUAGE_STANDARD = "gnu++14";
				CLANG_CXX_LIBRARY = "libc++";
				CLANG_ENABLE_MODULES = YES;
				CLANG_ENABLE_OBJC_ARC = YES;
				CLANG_ENABLE_OBJC_WEAK = YES;
				CLANG_WARN_BLOCK_CAPTURE_AUTORELEASING = YES;
				CLANG_WARN_BOOL_CONVERSION = YES;
				CLANG_WARN_COMMA = YES;
				CLANG_WARN_CONSTANT_CONVERSION = YES;
				CLANG_WARN_DEPRECATED_OBJC_IMPLEMENTATIONS = YES;
				CLANG_WARN_DIRECT_OBJC_ISA_USAGE = YES_ERROR;
				CLANG_WARN_DOCUMENTATION_COMMENTS = YES;
				CLANG_WARN_EMPTY_BODY = YES;
				CLANG_WARN_ENUM_CONVERSION = YES;
				CLANG_WARN_INFINITE_RECURSION = YES;
				CLANG_WARN_INT_CONVERSION = YES;
				CLANG_WARN_NON_LITERAL_NULL_CONVERSION = YES;
				CLANG_WARN_OBJC_IMPLICIT_RETAIN_SELF = YES;
				CLANG_WARN_OBJC_LITERAL_CONVERSION = YES;
				CLANG_WARN_OBJC_ROOT_CLASS = YES_ERROR;
				CLANG_WARN_RANGE_LOOP_ANALYSIS = YES;
				CLANG_WARN_STRICT_PROTOTYPES = YES;
				CLANG_WARN_SUSPICIOUS_MOVE = YES;
				CLANG_WARN_UNGUARDED_AVAILABILITY = YES_AGGRESSIVE;
				CLANG_WARN_UNREACHABLE_CODE = YES;
				CLANG_WARN__DUPLICATE_METHOD_MATCH = YES;
				COPY_PHASE_STRIP = NO;
				DEBUG_INFORMATION_FORMAT = dwarf;
				ENABLE_STRICT_OBJC_MSGSEND = YES;
				ENABLE_TESTABILITY = YES;
				GCC_C_LANGUAGE_STANDARD = gnu11;
				GCC_DYNAMIC_NO_PIC = NO;
				GCC_NO_COMMON_BLOCKS = YES;
				GCC_OPTIMIZATION_LEVEL = 0;
				GCC_PREPROCESSOR_DEFINITIONS = (
					"DEBUG=1",
					"$(inherited)",
				);
				GCC_WARN_64_TO_32_BIT_CONVERSION = YES;
				GCC_WARN_ABOUT_RETURN_TYPE = YES_ERROR;
				GCC_WARN_UNDECLARED_SELECTOR = YES;
				GCC_WARN_UNINITIALIZED_AUTOS = YES_AGGRESSIVE;
				GCC_WARN_UNUSED_FUNCTION = YES;
				GCC_WARN_UNUSED_VARIABLE = YES;
				IPHONEOS_DEPLOYMENT_TARGET = 13.2;
				MTL_ENABLE_DEBUG_INFO = INCLUDE_SOURCE;
				MTL_FAST_MATH = YES;
				ONLY_ACTIVE_ARCH = YES;
				SDKROOT = iphoneos;
				SWIFT_ACTIVE_COMPILATION_CONDITIONS = DEBUG;
				SWIFT_OPTIMIZATION_LEVEL = "-Onone";
			};
			name = Debug;
		};
		37FA60D42438AF6E00EA639E /* Release */ = {
			isa = XCBuildConfiguration;
			buildSettings = {
				ALWAYS_SEARCH_USER_PATHS = NO;
				CLANG_ANALYZER_NONNULL = YES;
				CLANG_ANALYZER_NUMBER_OBJECT_CONVERSION = YES_AGGRESSIVE;
				CLANG_CXX_LANGUAGE_STANDARD = "gnu++14";
				CLANG_CXX_LIBRARY = "libc++";
				CLANG_ENABLE_MODULES = YES;
				CLANG_ENABLE_OBJC_ARC = YES;
				CLANG_ENABLE_OBJC_WEAK = YES;
				CLANG_WARN_BLOCK_CAPTURE_AUTORELEASING = YES;
				CLANG_WARN_BOOL_CONVERSION = YES;
				CLANG_WARN_COMMA = YES;
				CLANG_WARN_CONSTANT_CONVERSION = YES;
				CLANG_WARN_DEPRECATED_OBJC_IMPLEMENTATIONS = YES;
				CLANG_WARN_DIRECT_OBJC_ISA_USAGE = YES_ERROR;
				CLANG_WARN_DOCUMENTATION_COMMENTS = YES;
				CLANG_WARN_EMPTY_BODY = YES;
				CLANG_WARN_ENUM_CONVERSION = YES;
				CLANG_WARN_INFINITE_RECURSION = YES;
				CLANG_WARN_INT_CONVERSION = YES;
				CLANG_WARN_NON_LITERAL_NULL_CONVERSION = YES;
				CLANG_WARN_OBJC_IMPLICIT_RETAIN_SELF = YES;
				CLANG_WARN_OBJC_LITERAL_CONVERSION = YES;
				CLANG_WARN_OBJC_ROOT_CLASS = YES_ERROR;
				CLANG_WARN_RANGE_LOOP_ANALYSIS = YES;
				CLANG_WARN_STRICT_PROTOTYPES = YES;
				CLANG_WARN_SUSPICIOUS_MOVE = YES;
				CLANG_WARN_UNGUARDED_AVAILABILITY = YES_AGGRESSIVE;
				CLANG_WARN_UNREACHABLE_CODE = YES;
				CLANG_WARN__DUPLICATE_METHOD_MATCH = YES;
				COPY_PHASE_STRIP = NO;
				DEBUG_INFORMATION_FORMAT = "dwarf-with-dsym";
				ENABLE_NS_ASSERTIONS = NO;
				ENABLE_STRICT_OBJC_MSGSEND = YES;
				GCC_C_LANGUAGE_STANDARD = gnu11;
				GCC_NO_COMMON_BLOCKS = YES;
				GCC_WARN_64_TO_32_BIT_CONVERSION = YES;
				GCC_WARN_ABOUT_RETURN_TYPE = YES_ERROR;
				GCC_WARN_UNDECLARED_SELECTOR = YES;
				GCC_WARN_UNINITIALIZED_AUTOS = YES_AGGRESSIVE;
				GCC_WARN_UNUSED_FUNCTION = YES;
				GCC_WARN_UNUSED_VARIABLE = YES;
				IPHONEOS_DEPLOYMENT_TARGET = 13.2;
				MTL_ENABLE_DEBUG_INFO = NO;
				MTL_FAST_MATH = YES;
				SDKROOT = iphoneos;
				SWIFT_COMPILATION_MODE = wholemodule;
				SWIFT_OPTIMIZATION_LEVEL = "-O";
				VALIDATE_PRODUCT = YES;
			};
			name = Release;
		};
		37FA60D62438AF6E00EA639E /* Debug */ = {
			isa = XCBuildConfiguration;
			buildSettings = {
				ASSETCATALOG_COMPILER_APPICON_NAME = AppIcon;
				CODE_SIGN_STYLE = Automatic;
				DEVELOPMENT_TEAM = XLV9PG55Q3;
				INFOPLIST_FILE = "Task Management/Info.plist";
				LD_RUNPATH_SEARCH_PATHS = (
					"$(inherited)",
					"@executable_path/Frameworks",
				);
				PRODUCT_BUNDLE_IDENTIFIER = "com.minichallenge1.Task-Management";
				PRODUCT_NAME = "$(TARGET_NAME)";
				SWIFT_VERSION = 5.0;
				TARGETED_DEVICE_FAMILY = "1,2";
			};
			name = Debug;
		};
		37FA60D72438AF6E00EA639E /* Release */ = {
			isa = XCBuildConfiguration;
			buildSettings = {
				ASSETCATALOG_COMPILER_APPICON_NAME = AppIcon;
				CODE_SIGN_STYLE = Automatic;
				DEVELOPMENT_TEAM = XLV9PG55Q3;
				INFOPLIST_FILE = "Task Management/Info.plist";
				LD_RUNPATH_SEARCH_PATHS = (
					"$(inherited)",
					"@executable_path/Frameworks",
				);
				PRODUCT_BUNDLE_IDENTIFIER = "com.minichallenge1.Task-Management";
				PRODUCT_NAME = "$(TARGET_NAME)";
				SWIFT_VERSION = 5.0;
				TARGETED_DEVICE_FAMILY = "1,2";
			};
			name = Release;
		};
/* End XCBuildConfiguration section */

/* Begin XCConfigurationList section */
		37FA60B92438AF6D00EA639E /* Build configuration list for PBXProject "Task Management" */ = {
			isa = XCConfigurationList;
			buildConfigurations = (
				37FA60D32438AF6E00EA639E /* Debug */,
				37FA60D42438AF6E00EA639E /* Release */,
			);
			defaultConfigurationIsVisible = 0;
			defaultConfigurationName = Release;
		};
		37FA60D52438AF6E00EA639E /* Build configuration list for PBXNativeTarget "Task Management" */ = {
			isa = XCConfigurationList;
			buildConfigurations = (
				37FA60D62438AF6E00EA639E /* Debug */,
				37FA60D72438AF6E00EA639E /* Release */,
			);
			defaultConfigurationIsVisible = 0;
			defaultConfigurationName = Release;
		};
/* End XCConfigurationList section */

/* Begin XCVersionGroup section */
		37FA60CA2438AF6D00EA639E /* Task_Management.xcdatamodeld */ = {
			isa = XCVersionGroup;
			children = (
				37FA60CB2438AF6D00EA639E /* Task_Management.xcdatamodel */,
			);
			currentVersion = 37FA60CB2438AF6D00EA639E /* Task_Management.xcdatamodel */;
			path = Task_Management.xcdatamodeld;
			sourceTree = "<group>";
			versionGroupType = wrapper.xcdatamodel;
		};
/* End XCVersionGroup section */
	};
	rootObject = 37FA60B62438AF6D00EA639E /* Project object */;
}
